github.com/aws/aws-cdk-go/awscdk/v2 v2.176.0/go.mod h1:XmbvfJtG3yL0j7qyO/5VmkzR6aVcnMM2esXp0VxKuqY=
github.com/aws/constructs-go/constructs/v10 v10.4.2/go.mod h1:cXsNCKDV+9eR9zYYfwy6QuE4uPFp6jsq6TtH1MwBx9w=
github.com/aws/jsii-runtime-go v1.104.0/go.mod h1:7ZmQXxV0AAhhvv/GaHX4n6zbgA1tSRVdnQYAJbIhXHk=
